
Microsoft Visual Studio Solution File, Format Version 12.00
# Visual Studio Version 17
VisualStudioVersion = 17.7.34031.279
MinimumVisualStudioVersion = 10.0.40219.1
Project("{9A19103F-16F7-4668-BE54-9A1E7A4F7556}") = "PokemonApp", "PokemonApp.csproj", "{686FB8D2-29A2-4327-9550-E17BA06CF02C}"
EndProject
Global
	GlobalSection(SolutionConfigurationPlatforms) = preSolution
		Debug|Any CPU = Debug|Any CPU
		Release|Any CPU = Release|Any CPU
	EndGlobalSection
	GlobalSection(ProjectConfigurationPlatforms) = postSolution
		{686FB8D2-29A2-4327-9550-E17BA06CF02C}.Debug|Any CPU.ActiveCfg = Debug|Any CPU
		{686FB8D2-29A2-4327-9550-E17BA06CF02C}.Debug|Any CPU.Build.0 = Debug|Any CPU
		{686FB8D2-29A2-4327-9550-E17BA06CF02C}.Release|Any CPU.ActiveCfg = Release|Any CPU
		{686FB8D2-29A2-4327-9550-E17BA06CF02C}.Release|Any CPU.Build.0 = Release|Any CPU
	EndGlobalSection
	GlobalSection(SolutionProperties) = preSolution
		HideSolutionNode = FALSE
	EndGlobalSection
	GlobalSection(ExtensibilityGlobals) = postSolution
		SolutionGuid = {54240D61-1A27-4E2E-991C-75F03421E3F3}
	EndGlobalSection
EndGlobal
